
Microsoft Visual Studio Solution File, Format Version 12.00
Project("{FAE04EC0-301F-11D3-BF4B-00C04F79EFBC}") = "di", "FractalPainter/di.csproj", "{4B70F6B3-5C20-40D2-BFC9-D95C18D65DD6}"
EndProject
Project("{FAE04EC0-301F-11D3-BF4B-00C04F79EFBC}") = "TagsCloud", "TagsCloud\TagsCloud.csproj", "{D2CC8DE0-CFF2-4B0A-B490-D0B986BD2792}"
EndProject
Project("{FAE04EC0-301F-11D3-BF4B-00C04F79EFBC}") = "Clients", "Clients\Clients.csproj", "{09CECB73-4FFE-4DFA-BE43-A232D7712DB9}"
EndProject
Global
	GlobalSection(SolutionConfigurationPlatforms) = preSolution
		Debug|Any CPU = Debug|Any CPU
		Release|Any CPU = Release|Any CPU
	EndGlobalSection
	GlobalSection(ProjectConfigurationPlatforms) = postSolution
		{4B70F6B3-5C20-40D2-BFC9-D95C18D65DD6}.Debug|Any CPU.ActiveCfg = Debug|Any CPU
		{4B70F6B3-5C20-40D2-BFC9-D95C18D65DD6}.Debug|Any CPU.Build.0 = Debug|Any CPU
		{4B70F6B3-5C20-40D2-BFC9-D95C18D65DD6}.Release|Any CPU.ActiveCfg = Release|Any CPU
		{4B70F6B3-5C20-40D2-BFC9-D95C18D65DD6}.Release|Any CPU.Build.0 = Release|Any CPU
		{D2CC8DE0-CFF2-4B0A-B490-D0B986BD2792}.Debug|Any CPU.ActiveCfg = Debug|Any CPU
		{D2CC8DE0-CFF2-4B0A-B490-D0B986BD2792}.Debug|Any CPU.Build.0 = Debug|Any CPU
		{D2CC8DE0-CFF2-4B0A-B490-D0B986BD2792}.Release|Any CPU.ActiveCfg = Release|Any CPU
		{D2CC8DE0-CFF2-4B0A-B490-D0B986BD2792}.Release|Any CPU.Build.0 = Release|Any CPU
		{09CECB73-4FFE-4DFA-BE43-A232D7712DB9}.Debug|Any CPU.ActiveCfg = Debug|Any CPU
		{09CECB73-4FFE-4DFA-BE43-A232D7712DB9}.Debug|Any CPU.Build.0 = Debug|Any CPU
		{09CECB73-4FFE-4DFA-BE43-A232D7712DB9}.Release|Any CPU.ActiveCfg = Release|Any CPU
		{09CECB73-4FFE-4DFA-BE43-A232D7712DB9}.Release|Any CPU.Build.0 = Release|Any CPU
	EndGlobalSection
EndGlobal
